// !$*UTF8*$!
{
	archiveVersion = 1;
	classes = {
	};
	objectVersion = 56;
	objects = {

/* Begin PBXBuildFile section */
		EDB321F12C49DE7A00D15B2B /* SwiftfulThinkingBootcampApp.swift in Sources */ = {isa = PBXBuildFile; fileRef = EDB321F02C49DE7A00D15B2B /* SwiftfulThinkingBootcampApp.swift */; };
		EDB321F32C49DE7A00D15B2B /* ContentView.swift in Sources */ = {isa = PBXBuildFile; fileRef = EDB321F22C49DE7A00D15B2B /* ContentView.swift */; };
		EDB321F52C49DE7C00D15B2B /* Assets.xcassets in Resources */ = {isa = PBXBuildFile; fileRef = EDB321F42C49DE7C00D15B2B /* Assets.xcassets */; };
		EDB321F82C49DE7C00D15B2B /* Preview Assets.xcassets in Resources */ = {isa = PBXBuildFile; fileRef = EDB321F72C49DE7C00D15B2B /* Preview Assets.xcassets */; };
		EDB322012C49E41A00D15B2B /* TextBootcamp.swift in Sources */ = {isa = PBXBuildFile; fileRef = EDB322002C49E41A00D15B2B /* TextBootcamp.swift */; };
		EDB322032C49ED3800D15B2B /* ShapesBootcamp.swift in Sources */ = {isa = PBXBuildFile; fileRef = EDB322022C49ED3800D15B2B /* ShapesBootcamp.swift */; };
		EDB322052C49F31200D15B2B /* ColorsBootcamp.swift in Sources */ = {isa = PBXBuildFile; fileRef = EDB322042C49F31200D15B2B /* ColorsBootcamp.swift */; };
		EDB322072C4A1CEE00D15B2B /* GradientsBootcamp.swift in Sources */ = {isa = PBXBuildFile; fileRef = EDB322062C4A1CEE00D15B2B /* GradientsBootcamp.swift */; };
		EDB322092C4A354900D15B2B /* IconsBootcamp.swift in Sources */ = {isa = PBXBuildFile; fileRef = EDB322082C4A354900D15B2B /* IconsBootcamp.swift */; };
		EDB3222D2C4AD48300D15B2B /* ImageBootcamp.swift in Sources */ = {isa = PBXBuildFile; fileRef = EDB3222C2C4AD48300D15B2B /* ImageBootcamp.swift */; };
		EDB3222F2C4AE36C00D15B2B /* FrameBootcamp.swift in Sources */ = {isa = PBXBuildFile; fileRef = EDB3222E2C4AE36C00D15B2B /* FrameBootcamp.swift */; };
		EDB322312C4AEDAB00D15B2B /* BackgroundAndOverlayBootcamp.swift in Sources */ = {isa = PBXBuildFile; fileRef = EDB322302C4AEDAB00D15B2B /* BackgroundAndOverlayBootcamp.swift */; };
		EDB322332C4AF9A400D15B2B /* StackBootcamp.swift in Sources */ = {isa = PBXBuildFile; fileRef = EDB322322C4AF9A400D15B2B /* StackBootcamp.swift */; };
		EDB3227B2C4C843F00D15B2B /* PaddingAndSpacerBootcamp.swift in Sources */ = {isa = PBXBuildFile; fileRef = EDB3227A2C4C843F00D15B2B /* PaddingAndSpacerBootcamp.swift */; };
		EDB3227D2C4C891300D15B2B /* SpacerBootcamp.swift in Sources */ = {isa = PBXBuildFile; fileRef = EDB3227C2C4C891300D15B2B /* SpacerBootcamp.swift */; };
		EDB3227F2C4C8C3E00D15B2B /* InitAndEnums.swift in Sources */ = {isa = PBXBuildFile; fileRef = EDB3227E2C4C8C3E00D15B2B /* InitAndEnums.swift */; };
		EDB322812C4CA15E00D15B2B /* ForEachBootcamp.swift in Sources */ = {isa = PBXBuildFile; fileRef = EDB322802C4CA15E00D15B2B /* ForEachBootcamp.swift */; };
		EDB322832C4CB04500D15B2B /* ScrollViewBootcamp.swift in Sources */ = {isa = PBXBuildFile; fileRef = EDB322822C4CB04500D15B2B /* ScrollViewBootcamp.swift */; };
		EDB322852C4CB58E00D15B2B /* GridBootcamp.swift in Sources */ = {isa = PBXBuildFile; fileRef = EDB322842C4CB58E00D15B2B /* GridBootcamp.swift */; };
/* End PBXBuildFile section */

/* Begin PBXFileReference section */
		EDB321ED2C49DE7A00D15B2B /* SwiftfulThinkingBootcamp.app */ = {isa = PBXFileReference; explicitFileType = wrapper.application; includeInIndex = 0; path = SwiftfulThinkingBootcamp.app; sourceTree = BUILT_PRODUCTS_DIR; };
		EDB321F02C49DE7A00D15B2B /* SwiftfulThinkingBootcampApp.swift */ = {isa = PBXFileReference; lastKnownFileType = sourcecode.swift; path = SwiftfulThinkingBootcampApp.swift; sourceTree = "<group>"; };
		EDB321F22C49DE7A00D15B2B /* ContentView.swift */ = {isa = PBXFileReference; lastKnownFileType = sourcecode.swift; path = ContentView.swift; sourceTree = "<group>"; };
		EDB321F42C49DE7C00D15B2B /* Assets.xcassets */ = {isa = PBXFileReference; lastKnownFileType = folder.assetcatalog; path = Assets.xcassets; sourceTree = "<group>"; };
		EDB321F72C49DE7C00D15B2B /* Preview Assets.xcassets */ = {isa = PBXFileReference; lastKnownFileType = folder.assetcatalog; path = "Preview Assets.xcassets"; sourceTree = "<group>"; };
		EDB322002C49E41A00D15B2B /* TextBootcamp.swift */ = {isa = PBXFileReference; lastKnownFileType = sourcecode.swift; path = TextBootcamp.swift; sourceTree = "<group>"; };
		EDB322022C49ED3800D15B2B /* ShapesBootcamp.swift */ = {isa = PBXFileReference; lastKnownFileType = sourcecode.swift; path = ShapesBootcamp.swift; sourceTree = "<group>"; };
		EDB322042C49F31200D15B2B /* ColorsBootcamp.swift */ = {isa = PBXFileReference; lastKnownFileType = sourcecode.swift; path = ColorsBootcamp.swift; sourceTree = "<group>"; };
		EDB322062C4A1CEE00D15B2B /* GradientsBootcamp.swift */ = {isa = PBXFileReference; lastKnownFileType = sourcecode.swift; path = GradientsBootcamp.swift; sourceTree = "<group>"; };
		EDB322082C4A354900D15B2B /* IconsBootcamp.swift */ = {isa = PBXFileReference; lastKnownFileType = sourcecode.swift; path = IconsBootcamp.swift; sourceTree = "<group>"; };
		EDB3222C2C4AD48300D15B2B /* ImageBootcamp.swift */ = {isa = PBXFileReference; lastKnownFileType = sourcecode.swift; path = ImageBootcamp.swift; sourceTree = "<group>"; };
		EDB3222E2C4AE36C00D15B2B /* FrameBootcamp.swift */ = {isa = PBXFileReference; lastKnownFileType = sourcecode.swift; path = FrameBootcamp.swift; sourceTree = "<group>"; };
		EDB322302C4AEDAB00D15B2B /* BackgroundAndOverlayBootcamp.swift */ = {isa = PBXFileReference; lastKnownFileType = sourcecode.swift; path = BackgroundAndOverlayBootcamp.swift; sourceTree = "<group>"; };
		EDB322322C4AF9A400D15B2B /* StackBootcamp.swift */ = {isa = PBXFileReference; lastKnownFileType = sourcecode.swift; path = StackBootcamp.swift; sourceTree = "<group>"; };
		EDB3227A2C4C843F00D15B2B /* PaddingAndSpacerBootcamp.swift */ = {isa = PBXFileReference; lastKnownFileType = sourcecode.swift; path = PaddingAndSpacerBootcamp.swift; sourceTree = "<group>"; };
		EDB3227C2C4C891300D15B2B /* SpacerBootcamp.swift */ = {isa = PBXFileReference; lastKnownFileType = sourcecode.swift; path = SpacerBootcamp.swift; sourceTree = "<group>"; };
		EDB3227E2C4C8C3E00D15B2B /* InitAndEnums.swift */ = {isa = PBXFileReference; lastKnownFileType = sourcecode.swift; path = InitAndEnums.swift; sourceTree = "<group>"; };
		EDB322802C4CA15E00D15B2B /* ForEachBootcamp.swift */ = {isa = PBXFileReference; lastKnownFileType = sourcecode.swift; path = ForEachBootcamp.swift; sourceTree = "<group>"; };
		EDB322822C4CB04500D15B2B /* ScrollViewBootcamp.swift */ = {isa = PBXFileReference; lastKnownFileType = sourcecode.swift; path = ScrollViewBootcamp.swift; sourceTree = "<group>"; };
		EDB322842C4CB58E00D15B2B /* GridBootcamp.swift */ = {isa = PBXFileReference; lastKnownFileType = sourcecode.swift; path = GridBootcamp.swift; sourceTree = "<group>"; };
/* End PBXFileReference section */

/* Begin PBXFrameworksBuildPhase section */
		EDB321EA2C49DE7A00D15B2B /* Frameworks */ = {
			isa = PBXFrameworksBuildPhase;
			buildActionMask = 2147483647;
			files = (
			);
			runOnlyForDeploymentPostprocessing = 0;
		};
/* End PBXFrameworksBuildPhase section */

/* Begin PBXGroup section */
		EDB321E42C49DE7A00D15B2B = {
			isa = PBXGroup;
			children = (
				EDB321EF2C49DE7A00D15B2B /* SwiftfulThinkingBootcamp */,
				EDB321EE2C49DE7A00D15B2B /* Products */,
			);
			sourceTree = "<group>";
		};
		EDB321EE2C49DE7A00D15B2B /* Products */ = {
			isa = PBXGroup;
			children = (
				EDB321ED2C49DE7A00D15B2B /* SwiftfulThinkingBootcamp.app */,
			);
			name = Products;
			sourceTree = "<group>";
		};
		EDB321EF2C49DE7A00D15B2B /* SwiftfulThinkingBootcamp */ = {
			isa = PBXGroup;
			children = (
				EDB321F02C49DE7A00D15B2B /* SwiftfulThinkingBootcampApp.swift */,
				EDB321F22C49DE7A00D15B2B /* ContentView.swift */,
				EDB322002C49E41A00D15B2B /* TextBootcamp.swift */,
				EDB322022C49ED3800D15B2B /* ShapesBootcamp.swift */,
				EDB322042C49F31200D15B2B /* ColorsBootcamp.swift */,
				EDB322062C4A1CEE00D15B2B /* GradientsBootcamp.swift */,
				EDB322082C4A354900D15B2B /* IconsBootcamp.swift */,
				EDB3227C2C4C891300D15B2B /* SpacerBootcamp.swift */,
				EDB3227A2C4C843F00D15B2B /* PaddingAndSpacerBootcamp.swift */,
				EDB3222E2C4AE36C00D15B2B /* FrameBootcamp.swift */,
				EDB3222C2C4AD48300D15B2B /* ImageBootcamp.swift */,
				EDB3227E2C4C8C3E00D15B2B /* InitAndEnums.swift */,
				EDB322302C4AEDAB00D15B2B /* BackgroundAndOverlayBootcamp.swift */,
				EDB322322C4AF9A400D15B2B /* StackBootcamp.swift */,
				EDB321F42C49DE7C00D15B2B /* Assets.xcassets */,
				EDB321F62C49DE7C00D15B2B /* Preview Content */,
				EDB322802C4CA15E00D15B2B /* ForEachBootcamp.swift */,
				EDB322822C4CB04500D15B2B /* ScrollViewBootcamp.swift */,
				EDB322842C4CB58E00D15B2B /* GridBootcamp.swift */,
			);
			path = SwiftfulThinkingBootcamp;
			sourceTree = "<group>";
		};
		EDB321F62C49DE7C00D15B2B /* Preview Content */ = {
			isa = PBXGroup;
			children = (
				EDB321F72C49DE7C00D15B2B /* Preview Assets.xcassets */,
			);
			path = "Preview Content";
			sourceTree = "<group>";
		};
/* End PBXGroup section */

/* Begin PBXNativeTarget section */
		EDB321EC2C49DE7A00D15B2B /* SwiftfulThinkingBootcamp */ = {
			isa = PBXNativeTarget;
			buildConfigurationList = EDB321FB2C49DE7C00D15B2B /* Build configuration list for PBXNativeTarget "SwiftfulThinkingBootcamp" */;
			buildPhases = (
				EDB321E92C49DE7A00D15B2B /* Sources */,
				EDB321EA2C49DE7A00D15B2B /* Frameworks */,
				EDB321EB2C49DE7A00D15B2B /* Resources */,
			);
			buildRules = (
			);
			dependencies = (
			);
			name = SwiftfulThinkingBootcamp;
			productName = SwiftfulThinkingBootcamp;
			productReference = EDB321ED2C49DE7A00D15B2B /* SwiftfulThinkingBootcamp.app */;
			productType = "com.apple.product-type.application";
		};
/* End PBXNativeTarget section */

/* Begin PBXProject section */
		EDB321E52C49DE7A00D15B2B /* Project object */ = {
			isa = PBXProject;
			attributes = {
				BuildIndependentTargetsInParallel = 1;
				LastSwiftUpdateCheck = 1540;
				LastUpgradeCheck = 1540;
				TargetAttributes = {
					EDB321EC2C49DE7A00D15B2B = {
						CreatedOnToolsVersion = 15.4;
					};
				};
			};
			buildConfigurationList = EDB321E82C49DE7A00D15B2B /* Build configuration list for PBXProject "SwiftfulThinkingBootcamp" */;
			compatibilityVersion = "Xcode 14.0";
			developmentRegion = en;
			hasScannedForEncodings = 0;
			knownRegions = (
				en,
				Base,
			);
			mainGroup = EDB321E42C49DE7A00D15B2B;
			productRefGroup = EDB321EE2C49DE7A00D15B2B /* Products */;
			projectDirPath = "";
			projectRoot = "";
			targets = (
				EDB321EC2C49DE7A00D15B2B /* SwiftfulThinkingBootcamp */,
			);
		};
/* End PBXProject section */

/* Begin PBXResourcesBuildPhase section */
		EDB321EB2C49DE7A00D15B2B /* Resources */ = {
			isa = PBXResourcesBuildPhase;
			buildActionMask = 2147483647;
			files = (
				EDB321F82C49DE7C00D15B2B /* Preview Assets.xcassets in Resources */,
				EDB321F52C49DE7C00D15B2B /* Assets.xcassets in Resources */,
			);
			runOnlyForDeploymentPostprocessing = 0;
		};
/* End PBXResourcesBuildPhase section */

/* Begin PBXSourcesBuildPhase section */
		EDB321E92C49DE7A00D15B2B /* Sources */ = {
			isa = PBXSourcesBuildPhase;
			buildActionMask = 2147483647;
			files = (
				EDB322072C4A1CEE00D15B2B /* GradientsBootcamp.swift in Sources */,
				EDB322312C4AEDAB00D15B2B /* BackgroundAndOverlayBootcamp.swift in Sources */,
				EDB322832C4CB04500D15B2B /* ScrollViewBootcamp.swift in Sources */,
				EDB3227F2C4C8C3E00D15B2B /* InitAndEnums.swift in Sources */,
				EDB3227B2C4C843F00D15B2B /* PaddingAndSpacerBootcamp.swift in Sources */,
				EDB322052C49F31200D15B2B /* ColorsBootcamp.swift in Sources */,
				EDB3222F2C4AE36C00D15B2B /* FrameBootcamp.swift in Sources */,
				EDB322032C49ED3800D15B2B /* ShapesBootcamp.swift in Sources */,
				EDB321F32C49DE7A00D15B2B /* ContentView.swift in Sources */,
				EDB322812C4CA15E00D15B2B /* ForEachBootcamp.swift in Sources */,
				EDB322012C49E41A00D15B2B /* TextBootcamp.swift in Sources */,
				EDB322332C4AF9A400D15B2B /* StackBootcamp.swift in Sources */,
				EDB321F12C49DE7A00D15B2B /* SwiftfulThinkingBootcampApp.swift in Sources */,
				EDB3227D2C4C891300D15B2B /* SpacerBootcamp.swift in Sources */,
				EDB322852C4CB58E00D15B2B /* GridBootcamp.swift in Sources */,
				EDB3222D2C4AD48300D15B2B /* ImageBootcamp.swift in Sources */,
				EDB322092C4A354900D15B2B /* IconsBootcamp.swift in Sources */,
			);
			runOnlyForDeploymentPostprocessing = 0;
		};
/* End PBXSourcesBuildPhase section */

/* Begin XCBuildConfiguration section */
		EDB321F92C49DE7C00D15B2B /* Debug */ = {
			isa = XCBuildConfiguration;
			buildSettings = {
				ALWAYS_SEARCH_USER_PATHS = NO;
				ASSETCATALOG_COMPILER_GENERATE_SWIFT_ASSET_SYMBOL_EXTENSIONS = YES;
				CLANG_ANALYZER_NONNULL = YES;
				CLANG_ANALYZER_NUMBER_OBJECT_CONVERSION = YES_AGGRESSIVE;
				CLANG_CXX_LANGUAGE_STANDARD = "gnu++20";
				CLANG_ENABLE_MODULES = YES;
				CLANG_ENABLE_OBJC_ARC = YES;
				CLANG_ENABLE_OBJC_WEAK = YES;
				CLANG_WARN_BLOCK_CAPTURE_AUTORELEASING = YES;
				CLANG_WARN_BOOL_CONVERSION = YES;
				CLANG_WARN_COMMA = YES;
				CLANG_WARN_CONSTANT_CONVERSION = YES;
				CLANG_WARN_DEPRECATED_OBJC_IMPLEMENTATIONS = YES;
				CLANG_WARN_DIRECT_OBJC_ISA_USAGE = YES_ERROR;
				CLANG_WARN_DOCUMENTATION_COMMENTS = YES;
				CLANG_WARN_EMPTY_BODY = YES;
				CLANG_WARN_ENUM_CONVERSION = YES;
				CLANG_WARN_INFINITE_RECURSION = YES;
				CLANG_WARN_INT_CONVERSION = YES;
				CLANG_WARN_NON_LITERAL_NULL_CONVERSION = YES;
				CLANG_WARN_OBJC_IMPLICIT_RETAIN_SELF = YES;
				CLANG_WARN_OBJC_LITERAL_CONVERSION = YES;
				CLANG_WARN_OBJC_ROOT_CLASS = YES_ERROR;
				CLANG_WARN_QUOTED_INCLUDE_IN_FRAMEWORK_HEADER = YES;
				CLANG_WARN_RANGE_LOOP_ANALYSIS = YES;
				CLANG_WARN_STRICT_PROTOTYPES = YES;
				CLANG_WARN_SUSPICIOUS_MOVE = YES;
				CLANG_WARN_UNGUARDED_AVAILABILITY = YES_AGGRESSIVE;
				CLANG_WARN_UNREACHABLE_CODE = YES;
				CLANG_WARN__DUPLICATE_METHOD_MATCH = YES;
				COPY_PHASE_STRIP = NO;
				DEBUG_INFORMATION_FORMAT = dwarf;
				ENABLE_STRICT_OBJC_MSGSEND = YES;
				ENABLE_TESTABILITY = YES;
				ENABLE_USER_SCRIPT_SANDBOXING = YES;
				GCC_C_LANGUAGE_STANDARD = gnu17;
				GCC_DYNAMIC_NO_PIC = NO;
				GCC_NO_COMMON_BLOCKS = YES;
				GCC_OPTIMIZATION_LEVEL = 0;
				GCC_PREPROCESSOR_DEFINITIONS = (
					"DEBUG=1",
					"$(inherited)",
				);
				GCC_WARN_64_TO_32_BIT_CONVERSION = YES;
				GCC_WARN_ABOUT_RETURN_TYPE = YES_ERROR;
				GCC_WARN_UNDECLARED_SELECTOR = YES;
				GCC_WARN_UNINITIALIZED_AUTOS = YES_AGGRESSIVE;
				GCC_WARN_UNUSED_FUNCTION = YES;
				GCC_WARN_UNUSED_VARIABLE = YES;
				IPHONEOS_DEPLOYMENT_TARGET = 17.5;
				LOCALIZATION_PREFERS_STRING_CATALOGS = YES;
				MTL_ENABLE_DEBUG_INFO = INCLUDE_SOURCE;
				MTL_FAST_MATH = YES;
				ONLY_ACTIVE_ARCH = YES;
				SDKROOT = iphoneos;
				SWIFT_ACTIVE_COMPILATION_CONDITIONS = "DEBUG $(inherited)";
				SWIFT_OPTIMIZATION_LEVEL = "-Onone";
			};
			name = Debug;
		};
		EDB321FA2C49DE7C00D15B2B /* Release */ = {
			isa = XCBuildConfiguration;
			buildSettings = {
				ALWAYS_SEARCH_USER_PATHS = NO;
				ASSETCATALOG_COMPILER_GENERATE_SWIFT_ASSET_SYMBOL_EXTENSIONS = YES;
				CLANG_ANALYZER_NONNULL = YES;
				CLANG_ANALYZER_NUMBER_OBJECT_CONVERSION = YES_AGGRESSIVE;
				CLANG_CXX_LANGUAGE_STANDARD = "gnu++20";
				CLANG_ENABLE_MODULES = YES;
				CLANG_ENABLE_OBJC_ARC = YES;
				CLANG_ENABLE_OBJC_WEAK = YES;
				CLANG_WARN_BLOCK_CAPTURE_AUTORELEASING = YES;
				CLANG_WARN_BOOL_CONVERSION = YES;
				CLANG_WARN_COMMA = YES;
				CLANG_WARN_CONSTANT_CONVERSION = YES;
				CLANG_WARN_DEPRECATED_OBJC_IMPLEMENTATIONS = YES;
				CLANG_WARN_DIRECT_OBJC_ISA_USAGE = YES_ERROR;
				CLANG_WARN_DOCUMENTATION_COMMENTS = YES;
				CLANG_WARN_EMPTY_BODY = YES;
				CLANG_WARN_ENUM_CONVERSION = YES;
				CLANG_WARN_INFINITE_RECURSION = YES;
				CLANG_WARN_INT_CONVERSION = YES;
				CLANG_WARN_NON_LITERAL_NULL_CONVERSION = YES;
				CLANG_WARN_OBJC_IMPLICIT_RETAIN_SELF = YES;
				CLANG_WARN_OBJC_LITERAL_CONVERSION = YES;
				CLANG_WARN_OBJC_ROOT_CLASS = YES_ERROR;
				CLANG_WARN_QUOTED_INCLUDE_IN_FRAMEWORK_HEADER = YES;
				CLANG_WARN_RANGE_LOOP_ANALYSIS = YES;
				CLANG_WARN_STRICT_PROTOTYPES = YES;
				CLANG_WARN_SUSPICIOUS_MOVE = YES;
				CLANG_WARN_UNGUARDED_AVAILABILITY = YES_AGGRESSIVE;
				CLANG_WARN_UNREACHABLE_CODE = YES;
				CLANG_WARN__DUPLICATE_METHOD_MATCH = YES;
				COPY_PHASE_STRIP = NO;
				DEBUG_INFORMATION_FORMAT = "dwarf-with-dsym";
				ENABLE_NS_ASSERTIONS = NO;
				ENABLE_STRICT_OBJC_MSGSEND = YES;
				ENABLE_USER_SCRIPT_SANDBOXING = YES;
				GCC_C_LANGUAGE_STANDARD = gnu17;
				GCC_NO_COMMON_BLOCKS = YES;
				GCC_WARN_64_TO_32_BIT_CONVERSION = YES;
				GCC_WARN_ABOUT_RETURN_TYPE = YES_ERROR;
				GCC_WARN_UNDECLARED_SELECTOR = YES;
				GCC_WARN_UNINITIALIZED_AUTOS = YES_AGGRESSIVE;
				GCC_WARN_UNUSED_FUNCTION = YES;
				GCC_WARN_UNUSED_VARIABLE = YES;
				IPHONEOS_DEPLOYMENT_TARGET = 17.5;
				LOCALIZATION_PREFERS_STRING_CATALOGS = YES;
				MTL_ENABLE_DEBUG_INFO = NO;
				MTL_FAST_MATH = YES;
				SDKROOT = iphoneos;
				SWIFT_COMPILATION_MODE = wholemodule;
				VALIDATE_PRODUCT = YES;
			};
			name = Release;
		};
		EDB321FC2C49DE7C00D15B2B /* Debug */ = {
			isa = XCBuildConfiguration;
			buildSettings = {
				ASSETCATALOG_COMPILER_APPICON_NAME = AppIcon;
				ASSETCATALOG_COMPILER_GLOBAL_ACCENT_COLOR_NAME = AccentColor;
				CODE_SIGN_STYLE = Automatic;
				CURRENT_PROJECT_VERSION = 1;
				DEVELOPMENT_ASSET_PATHS = "\"SwiftfulThinkingBootcamp/Preview Content\"";
				DEVELOPMENT_TEAM = PA46S4LF26;
				ENABLE_PREVIEWS = YES;
				GENERATE_INFOPLIST_FILE = YES;
				INFOPLIST_KEY_CFBundleDisplayName = "Bo otcamp";
				INFOPLIST_KEY_UIApplicationSceneManifest_Generation = YES;
				INFOPLIST_KEY_UIApplicationSupportsIndirectInputEvents = YES;
				INFOPLIST_KEY_UILaunchScreen_Generation = YES;
				INFOPLIST_KEY_UISupportedInterfaceOrientations_iPad = "UIInterfaceOrientationPortrait UIInterfaceOrientationPortraitUpsideDown UIInterfaceOrientationLandscapeLeft UIInterfaceOrientationLandscapeRight";
				INFOPLIST_KEY_UISupportedInterfaceOrientations_iPhone = "UIInterfaceOrientationPortrait UIInterfaceOrientationLandscapeLeft UIInterfaceOrientationLandscapeRight";
				LD_RUNPATH_SEARCH_PATHS = (
					"$(inherited)",
					"@executable_path/Frameworks",
				);
				MARKETING_VERSION = 1.0;
				PRODUCT_BUNDLE_IDENTIFIER = com.CranjisMcBasketball.SwiftfulThinkingBootcamp;
				PRODUCT_NAME = "$(TARGET_NAME)";
				SWIFT_EMIT_LOC_STRINGS = YES;
				SWIFT_VERSION = 5.0;
				TARGETED_DEVICE_FAMILY = "1,2";
			};
			name = Debug;
		};
		EDB321FD2C49DE7C00D15B2B /* Release */ = {
			isa = XCBuildConfiguration;
			buildSettings = {
				ASSETCATALOG_COMPILER_APPICON_NAME = AppIcon;
				ASSETCATALOG_COMPILER_GLOBAL_ACCENT_COLOR_NAME = AccentColor;
				CODE_SIGN_STYLE = Automatic;
				CURRENT_PROJECT_VERSION = 1;
				DEVELOPMENT_ASSET_PATHS = "\"SwiftfulThinkingBootcamp/Preview Content\"";
				DEVELOPMENT_TEAM = PA46S4LF26;
				ENABLE_PREVIEWS = YES;
				GENERATE_INFOPLIST_FILE = YES;
				INFOPLIST_KEY_CFBundleDisplayName = "Bo otcamp";
				INFOPLIST_KEY_UIApplicationSceneManifest_Generation = YES;
				INFOPLIST_KEY_UIApplicationSupportsIndirectInputEvents = YES;
				INFOPLIST_KEY_UILaunchScreen_Generation = YES;
				INFOPLIST_KEY_UISupportedInterfaceOrientations_iPad = "UIInterfaceOrientationPortrait UIInterfaceOrientationPortraitUpsideDown UIInterfaceOrientationLandscapeLeft UIInterfaceOrientationLandscapeRight";
				INFOPLIST_KEY_UISupportedInterfaceOrientations_iPhone = "UIInterfaceOrientationPortrait UIInterfaceOrientationLandscapeLeft UIInterfaceOrientationLandscapeRight";
				LD_RUNPATH_SEARCH_PATHS = (
					"$(inherited)",
					"@executable_path/Frameworks",
				);
				MARKETING_VERSION = 1.0;
				PRODUCT_BUNDLE_IDENTIFIER = com.CranjisMcBasketball.SwiftfulThinkingBootcamp;
				PRODUCT_NAME = "$(TARGET_NAME)";
				SWIFT_EMIT_LOC_STRINGS = YES;
				SWIFT_VERSION = 5.0;
				TARGETED_DEVICE_FAMILY = "1,2";
			};
			name = Release;
		};
/* End XCBuildConfiguration section */

/* Begin XCConfigurationList section */
		EDB321E82C49DE7A00D15B2B /* Build configuration list for PBXProject "SwiftfulThinkingBootcamp" */ = {
			isa = XCConfigurationList;
			buildConfigurations = (
				EDB321F92C49DE7C00D15B2B /* Debug */,
				EDB321FA2C49DE7C00D15B2B /* Release */,
			);
			defaultConfigurationIsVisible = 0;
			defaultConfigurationName = Release;
		};
		EDB321FB2C49DE7C00D15B2B /* Build configuration list for PBXNativeTarget "SwiftfulThinkingBootcamp" */ = {
			isa = XCConfigurationList;
			buildConfigurations = (
				EDB321FC2C49DE7C00D15B2B /* Debug */,
				EDB321FD2C49DE7C00D15B2B /* Release */,
			);
			defaultConfigurationIsVisible = 0;
			defaultConfigurationName = Release;
		};
/* End XCConfigurationList section */
	};
	rootObject = EDB321E52C49DE7A00D15B2B /* Project object */;
}
